// !$*UTF8*$!
{
	archiveVersion = 1;
	classes = {
	};
	objectVersion = 50;
	objects = {

/* Begin PBXBuildFile section */
		E7B3B98D223FE329003D20ED /* AppDelegate.swift in Sources */ = {isa = PBXBuildFile; fileRef = E7B3B98C223FE329003D20ED /* AppDelegate.swift */; };
		E7B3B997223FE32B003D20ED /* Assets.xcassets in Resources */ = {isa = PBXBuildFile; fileRef = E7B3B996223FE32B003D20ED /* Assets.xcassets */; };
		E7B3B9A2223FE32B003D20ED /* CoverTests.swift in Sources */ = {isa = PBXBuildFile; fileRef = E7B3B9A1223FE32B003D20ED /* CoverTests.swift */; };
		E7B3B9AD223FE32B003D20ED /* CoverUITests.swift in Sources */ = {isa = PBXBuildFile; fileRef = E7B3B9AC223FE32B003D20ED /* CoverUITests.swift */; };
/* End PBXBuildFile section */

/* Begin PBXContainerItemProxy section */
		E7B3B99E223FE32B003D20ED /* PBXContainerItemProxy */ = {
			isa = PBXContainerItemProxy;
			containerPortal = E7B3B981223FE329003D20ED /* Project object */;
			proxyType = 1;
			remoteGlobalIDString = E7B3B988223FE329003D20ED;
			remoteInfo = Cover;
		};
		E7B3B9A9223FE32B003D20ED /* PBXContainerItemProxy */ = {
			isa = PBXContainerItemProxy;
			containerPortal = E7B3B981223FE329003D20ED /* Project object */;
			proxyType = 1;
			remoteGlobalIDString = E7B3B988223FE329003D20ED;
			remoteInfo = Cover;
		};
/* End PBXContainerItemProxy section */

/* Begin PBXFileReference section */
		E7B3B989223FE329003D20ED /* Cover.app */ = {isa = PBXFileReference; explicitFileType = wrapper.application; includeInIndex = 0; path = Cover.app; sourceTree = BUILT_PRODUCTS_DIR; };
		E7B3B98C223FE329003D20ED /* AppDelegate.swift */ = {isa = PBXFileReference; lastKnownFileType = sourcecode.swift; path = AppDelegate.swift; sourceTree = "<group>"; };
		E7B3B996223FE32B003D20ED /* Assets.xcassets */ = {isa = PBXFileReference; lastKnownFileType = folder.assetcatalog; path = Assets.xcassets; sourceTree = "<group>"; };
		E7B3B998223FE32B003D20ED /* Info.plist */ = {isa = PBXFileReference; lastKnownFileType = text.plist.xml; path = Info.plist; sourceTree = "<group>"; };
		E7B3B99D223FE32B003D20ED /* CoverTests.xctest */ = {isa = PBXFileReference; explicitFileType = wrapper.cfbundle; includeInIndex = 0; path = CoverTests.xctest; sourceTree = BUILT_PRODUCTS_DIR; };
		E7B3B9A1223FE32B003D20ED /* CoverTests.swift */ = {isa = PBXFileReference; lastKnownFileType = sourcecode.swift; path = CoverTests.swift; sourceTree = "<group>"; };
		E7B3B9A3223FE32B003D20ED /* Info.plist */ = {isa = PBXFileReference; lastKnownFileType = text.plist.xml; path = Info.plist; sourceTree = "<group>"; };
		E7B3B9A8223FE32B003D20ED /* CoverUITests.xctest */ = {isa = PBXFileReference; explicitFileType = wrapper.cfbundle; includeInIndex = 0; path = CoverUITests.xctest; sourceTree = BUILT_PRODUCTS_DIR; };
		E7B3B9AC223FE32B003D20ED /* CoverUITests.swift */ = {isa = PBXFileReference; lastKnownFileType = sourcecode.swift; path = CoverUITests.swift; sourceTree = "<group>"; };
		E7B3B9AE223FE32B003D20ED /* Info.plist */ = {isa = PBXFileReference; lastKnownFileType = text.plist.xml; path = Info.plist; sourceTree = "<group>"; };
/* End PBXFileReference section */

/* Begin PBXFrameworksBuildPhase section */
		E7B3B986223FE329003D20ED /* Frameworks */ = {
			isa = PBXFrameworksBuildPhase;
			buildActionMask = 2147483647;
			files = (
			);
			runOnlyForDeploymentPostprocessing = 0;
		};
		E7B3B99A223FE32B003D20ED /* Frameworks */ = {
			isa = PBXFrameworksBuildPhase;
			buildActionMask = 2147483647;
			files = (
			);
			runOnlyForDeploymentPostprocessing = 0;
		};
		E7B3B9A5223FE32B003D20ED /* Frameworks */ = {
			isa = PBXFrameworksBuildPhase;
			buildActionMask = 2147483647;
			files = (
			);
			runOnlyForDeploymentPostprocessing = 0;
		};
/* End PBXFrameworksBuildPhase section */

/* Begin PBXGroup section */
		E7B3B980223FE329003D20ED = {
			isa = PBXGroup;
			children = (
				E7B3B98B223FE329003D20ED /* Cover */,
				E7B3B9A0223FE32B003D20ED /* CoverTests */,
				E7B3B9AB223FE32B003D20ED /* CoverUITests */,
				E7B3B98A223FE329003D20ED /* Products */,
			);
			sourceTree = "<group>";
		};
		E7B3B98A223FE329003D20ED /* Products */ = {
			isa = PBXGroup;
			children = (
				E7B3B989223FE329003D20ED /* Cover.app */,
				E7B3B99D223FE32B003D20ED /* CoverTests.xctest */,
				E7B3B9A8223FE32B003D20ED /* CoverUITests.xctest */,
			);
			name = Products;
			sourceTree = "<group>";
		};
		E7B3B98B223FE329003D20ED /* Cover */ = {
			isa = PBXGroup;
			children = (
				E7B3B98C223FE329003D20ED /* AppDelegate.swift */,
				E7B3B996223FE32B003D20ED /* Assets.xcassets */,
				E7B3B998223FE32B003D20ED /* Info.plist */,
			);
			path = Cover;
			sourceTree = "<group>";
		};
		E7B3B9A0223FE32B003D20ED /* CoverTests */ = {
			isa = PBXGroup;
			children = (
				E7B3B9A1223FE32B003D20ED /* CoverTests.swift */,
				E7B3B9A3223FE32B003D20ED /* Info.plist */,
			);
			path = CoverTests;
			sourceTree = "<group>";
		};
		E7B3B9AB223FE32B003D20ED /* CoverUITests */ = {
			isa = PBXGroup;
			children = (
				E7B3B9AC223FE32B003D20ED /* CoverUITests.swift */,
				E7B3B9AE223FE32B003D20ED /* Info.plist */,
			);
			path = CoverUITests;
			sourceTree = "<group>";
		};
/* End PBXGroup section */

/* Begin PBXNativeTarget section */
		E7B3B988223FE329003D20ED /* Cover */ = {
			isa = PBXNativeTarget;
			buildConfigurationList = E7B3B9B1223FE32B003D20ED /* Build configuration list for PBXNativeTarget "Cover" */;
			buildPhases = (
				E7B3B985223FE329003D20ED /* Sources */,
				E7B3B986223FE329003D20ED /* Frameworks */,
				E7B3B987223FE329003D20ED /* Resources */,
			);
			buildRules = (
			);
			dependencies = (
			);
			name = Cover;
			productName = Cover;
			productReference = E7B3B989223FE329003D20ED /* Cover.app */;
			productType = "com.apple.product-type.application";
		};
		E7B3B99C223FE32B003D20ED /* CoverTests */ = {
			isa = PBXNativeTarget;
			buildConfigurationList = E7B3B9B4223FE32B003D20ED /* Build configuration list for PBXNativeTarget "CoverTests" */;
			buildPhases = (
				E7B3B999223FE32B003D20ED /* Sources */,
				E7B3B99A223FE32B003D20ED /* Frameworks */,
				E7B3B99B223FE32B003D20ED /* Resources */,
			);
			buildRules = (
			);
			dependencies = (
				E7B3B99F223FE32B003D20ED /* PBXTargetDependency */,
			);
			name = CoverTests;
			productName = CoverTests;
			productReference = E7B3B99D223FE32B003D20ED /* CoverTests.xctest */;
			productType = "com.apple.product-type.bundle.unit-test";
		};
		E7B3B9A7223FE32B003D20ED /* CoverUITests */ = {
			isa = PBXNativeTarget;
			buildConfigurationList = E7B3B9B7223FE32B003D20ED /* Build configuration list for PBXNativeTarget "CoverUITests" */;
			buildPhases = (
				E7B3B9A4223FE32B003D20ED /* Sources */,
				E7B3B9A5223FE32B003D20ED /* Frameworks */,
				E7B3B9A6223FE32B003D20ED /* Resources */,
			);
			buildRules = (
			);
			dependencies = (
				E7B3B9AA223FE32B003D20ED /* PBXTargetDependency */,
			);
			name = CoverUITests;
			productName = CoverUITests;
			productReference = E7B3B9A8223FE32B003D20ED /* CoverUITests.xctest */;
			productType = "com.apple.product-type.bundle.ui-testing";
		};
/* End PBXNativeTarget section */

/* Begin PBXProject section */
		E7B3B981223FE329003D20ED /* Project object */ = {
			isa = PBXProject;
			attributes = {
				LastSwiftUpdateCheck = 1010;
				LastUpgradeCheck = 1010;
				ORGANIZATIONNAME = TuongNT;
				TargetAttributes = {
					E7B3B988223FE329003D20ED = {
						CreatedOnToolsVersion = 10.1;
					};
					E7B3B99C223FE32B003D20ED = {
						CreatedOnToolsVersion = 10.1;
						TestTargetID = E7B3B988223FE329003D20ED;
					};
					E7B3B9A7223FE32B003D20ED = {
						CreatedOnToolsVersion = 10.1;
						TestTargetID = E7B3B988223FE329003D20ED;
					};
				};
			};
			buildConfigurationList = E7B3B984223FE329003D20ED /* Build configuration list for PBXProject "Cover" */;
			compatibilityVersion = "Xcode 9.3";
			developmentRegion = en;
			hasScannedForEncodings = 0;
			knownRegions = (
				en,
				Base,
			);
			mainGroup = E7B3B980223FE329003D20ED;
			productRefGroup = E7B3B98A223FE329003D20ED /* Products */;
			projectDirPath = "";
			projectRoot = "";
			targets = (
				E7B3B988223FE329003D20ED /* Cover */,
				E7B3B99C223FE32B003D20ED /* CoverTests */,
				E7B3B9A7223FE32B003D20ED /* CoverUITests */,
			);
		};
/* End PBXProject section */

/* Begin PBXResourcesBuildPhase section */
		E7B3B987223FE329003D20ED /* Resources */ = {
			isa = PBXResourcesBuildPhase;
			buildActionMask = 2147483647;
			files = (
				E7B3B997223FE32B003D20ED /* Assets.xcassets in Resources */,
			);
			runOnlyForDeploymentPostprocessing = 0;
		};
		E7B3B99B223FE32B003D20ED /* Resources */ = {
			isa = PBXResourcesBuildPhase;
			buildActionMask = 2147483647;
			files = (
			);
			runOnlyForDeploymentPostprocessing = 0;
		};
		E7B3B9A6223FE32B003D20ED /* Resources */ = {
			isa = PBXResourcesBuildPhase;
			buildActionMask = 2147483647;
			files = (
			);
			runOnlyForDeploymentPostprocessing = 0;
		};
/* End PBXResourcesBuildPhase section */

/* Begin PBXSourcesBuildPhase section */
		E7B3B985223FE329003D20ED /* Sources */ = {
			isa = PBXSourcesBuildPhase;
			buildActionMask = 2147483647;
			files = (
				E7B3B98D223FE329003D20ED /* AppDelegate.swift in Sources */,
			);
			runOnlyForDeploymentPostprocessing = 0;
		};
		E7B3B999223FE32B003D20ED /* Sources */ = {
			isa = PBXSourcesBuildPhase;
			buildActionMask = 2147483647;
			files = (
				E7B3B9A2223FE32B003D20ED /* CoverTests.swift in Sources */,
			);
			runOnlyForDeploymentPostprocessing = 0;
		};
		E7B3B9A4223FE32B003D20ED /* Sources */ = {
			isa = PBXSourcesBuildPhase;
			buildActionMask = 2147483647;
			files = (
				E7B3B9AD223FE32B003D20ED /* CoverUITests.swift in Sources */,
			);
			runOnlyForDeploymentPostprocessing = 0;
		};
/* End PBXSourcesBuildPhase section */

/* Begin PBXTargetDependency section */
		E7B3B99F223FE32B003D20ED /* PBXTargetDependency */ = {
			isa = PBXTargetDependency;
			target = E7B3B988223FE329003D20ED /* Cover */;
			targetProxy = E7B3B99E223FE32B003D20ED /* PBXContainerItemProxy */;
		};
		E7B3B9AA223FE32B003D20ED /* PBXTargetDependency */ = {
			isa = PBXTargetDependency;
			target = E7B3B988223FE329003D20ED /* Cover */;
			targetProxy = E7B3B9A9223FE32B003D20ED /* PBXContainerItemProxy */;
		};
/* End PBXTargetDependency section */

/* Begin XCBuildConfiguration section */
		E7B3B9AF223FE32B003D20ED /* Debug */ = {
			isa = XCBuildConfiguration;
			buildSettings = {
				ALWAYS_SEARCH_USER_PATHS = NO;
				CLANG_ANALYZER_NONNULL = YES;
				CLANG_ANALYZER_NUMBER_OBJECT_CONVERSION = YES_AGGRESSIVE;
				CLANG_CXX_LANGUAGE_STANDARD = "gnu++14";
				CLANG_CXX_LIBRARY = "libc++";
				CLANG_ENABLE_MODULES = YES;
				CLANG_ENABLE_OBJC_ARC = YES;
				CLANG_ENABLE_OBJC_WEAK = YES;
				CLANG_WARN_BLOCK_CAPTURE_AUTORELEASING = YES;
				CLANG_WARN_BOOL_CONVERSION = YES;
				CLANG_WARN_COMMA = YES;
				CLANG_WARN_CONSTANT_CONVERSION = YES;
				CLANG_WARN_DEPRECATED_OBJC_IMPLEMENTATIONS = YES;
				CLANG_WARN_DIRECT_OBJC_ISA_USAGE = YES_ERROR;
				CLANG_WARN_DOCUMENTATION_COMMENTS = YES;
				CLANG_WARN_EMPTY_BODY = YES;
				CLANG_WARN_ENUM_CONVERSION = YES;
				CLANG_WARN_INFINITE_RECURSION = YES;
				CLANG_WARN_INT_CONVERSION = YES;
				CLANG_WARN_NON_LITERAL_NULL_CONVERSION = YES;
				CLANG_WARN_OBJC_IMPLICIT_RETAIN_SELF = YES;
				CLANG_WARN_OBJC_LITERAL_CONVERSION = YES;
				CLANG_WARN_OBJC_ROOT_CLASS = YES_ERROR;
				CLANG_WARN_RANGE_LOOP_ANALYSIS = YES;
				CLANG_WARN_STRICT_PROTOTYPES = YES;
				CLANG_WARN_SUSPICIOUS_MOVE = YES;
				CLANG_WARN_UNGUARDED_AVAILABILITY = YES_AGGRESSIVE;
				CLANG_WARN_UNREACHABLE_CODE = YES;
				CLANG_WARN__DUPLICATE_METHOD_MATCH = YES;
				COPY_PHASE_STRIP = NO;
				DEBUG_INFORMATION_FORMAT = dwarf;
				ENABLE_STRICT_OBJC_MSGSEND = YES;
				ENABLE_TESTABILITY = YES;
				GCC_C_LANGUAGE_STANDARD = gnu11;
				GCC_DYNAMIC_NO_PIC = NO;
				GCC_NO_COMMON_BLOCKS = YES;
				GCC_OPTIMIZATION_LEVEL = 0;
				GCC_PREPROCESSOR_DEFINITIONS = (
					"DEBUG=1",
					"$(inherited)",
				);
				GCC_WARN_64_TO_32_BIT_CONVERSION = YES;
				GCC_WARN_ABOUT_RETURN_TYPE = YES_ERROR;
				GCC_WARN_UNDECLARED_SELECTOR = YES;
				GCC_WARN_UNINITIALIZED_AUTOS = YES_AGGRESSIVE;
				GCC_WARN_UNUSED_FUNCTION = YES;
				GCC_WARN_UNUSED_VARIABLE = YES;
				MTL_ENABLE_DEBUG_INFO = INCLUDE_SOURCE;
				MTL_FAST_MATH = YES;
				ONLY_ACTIVE_ARCH = YES;
				SDKROOT = appletvos;
				SWIFT_ACTIVE_COMPILATION_CONDITIONS = DEBUG;
				SWIFT_OPTIMIZATION_LEVEL = "-Onone";
				TVOS_DEPLOYMENT_TARGET = 12.1;
			};
			name = Debug;
		};
		E7B3B9B0223FE32B003D20ED /* Release */ = {
			isa = XCBuildConfiguration;
			buildSettings = {
				ALWAYS_SEARCH_USER_PATHS = NO;
				CLANG_ANALYZER_NONNULL = YES;
				CLANG_ANALYZER_NUMBER_OBJECT_CONVERSION = YES_AGGRESSIVE;
				CLANG_CXX_LANGUAGE_STANDARD = "gnu++14";
				CLANG_CXX_LIBRARY = "libc++";
				CLANG_ENABLE_MODULES = YES;
				CLANG_ENABLE_OBJC_ARC = YES;
				CLANG_ENABLE_OBJC_WEAK = YES;
				CLANG_WARN_BLOCK_CAPTURE_AUTORELEASING = YES;
				CLANG_WARN_BOOL_CONVERSION = YES;
				CLANG_WARN_COMMA = YES;
				CLANG_WARN_CONSTANT_CONVERSION = YES;
				CLANG_WARN_DEPRECATED_OBJC_IMPLEMENTATIONS = YES;
				CLANG_WARN_DIRECT_OBJC_ISA_USAGE = YES_ERROR;
				CLANG_WARN_DOCUMENTATION_COMMENTS = YES;
				CLANG_WARN_EMPTY_BODY = YES;
				CLANG_WARN_ENUM_CONVERSION = YES;
				CLANG_WARN_INFINITE_RECURSION = YES;
				CLANG_WARN_INT_CONVERSION = YES;
				CLANG_WARN_NON_LITERAL_NULL_CONVERSION = YES;
				CLANG_WARN_OBJC_IMPLICIT_RETAIN_SELF = YES;
				CLANG_WARN_OBJC_LITERAL_CONVERSION = YES;
				CLANG_WARN_OBJC_ROOT_CLASS = YES_ERROR;
				CLANG_WARN_RANGE_LOOP_ANALYSIS = YES;
				CLANG_WARN_STRICT_PROTOTYPES = YES;
				CLANG_WARN_SUSPICIOUS_MOVE = YES;
				CLANG_WARN_UNGUARDED_AVAILABILITY = YES_AGGRESSIVE;
				CLANG_WARN_UNREACHABLE_CODE = YES;
				CLANG_WARN__DUPLICATE_METHOD_MATCH = YES;
				COPY_PHASE_STRIP = NO;
				DEBUG_INFORMATION_FORMAT = "dwarf-with-dsym";
				ENABLE_NS_ASSERTIONS = NO;
				ENABLE_STRICT_OBJC_MSGSEND = YES;
				GCC_C_LANGUAGE_STANDARD = gnu11;
				GCC_NO_COMMON_BLOCKS = YES;
				GCC_WARN_64_TO_32_BIT_CONVERSION = YES;
				GCC_WARN_ABOUT_RETURN_TYPE = YES_ERROR;
				GCC_WARN_UNDECLARED_SELECTOR = YES;
				GCC_WARN_UNINITIALIZED_AUTOS = YES_AGGRESSIVE;
				GCC_WARN_UNUSED_FUNCTION = YES;
				GCC_WARN_UNUSED_VARIABLE = YES;
				MTL_ENABLE_DEBUG_INFO = NO;
				MTL_FAST_MATH = YES;
				SDKROOT = appletvos;
				SWIFT_COMPILATION_MODE = wholemodule;
				SWIFT_OPTIMIZATION_LEVEL = "-O";
				TVOS_DEPLOYMENT_TARGET = 12.1;
				VALIDATE_PRODUCT = YES;
			};
			name = Release;
		};
		E7B3B9B2223FE32B003D20ED /* Debug */ = {
			isa = XCBuildConfiguration;
			buildSettings = {
				ASSETCATALOG_COMPILER_APPICON_NAME = "App Icon & Top Shelf Image";
				ASSETCATALOG_COMPILER_LAUNCHIMAGE_NAME = LaunchImage;
				CODE_SIGN_STYLE = Automatic;
				DEVELOPMENT_TEAM = URYV7XT858;
				INFOPLIST_FILE = Cover/Info.plist;
				LD_RUNPATH_SEARCH_PATHS = (
					"$(inherited)",
					"@executable_path/Frameworks",
				);
				PRODUCT_BUNDLE_IDENTIFIER = dev.tuongnt.Cover;
				PRODUCT_NAME = "$(TARGET_NAME)";
				SWIFT_VERSION = 4.2;
				TARGETED_DEVICE_FAMILY = 3;
			};
			name = Debug;
		};
		E7B3B9B3223FE32B003D20ED /* Release */ = {
			isa = XCBuildConfiguration;
			buildSettings = {
				ASSETCATALOG_COMPILER_APPICON_NAME = "App Icon & Top Shelf Image";
				ASSETCATALOG_COMPILER_LAUNCHIMAGE_NAME = LaunchImage;
				CODE_SIGN_STYLE = Automatic;
				DEVELOPMENT_TEAM = URYV7XT858;
				INFOPLIST_FILE = Cover/Info.plist;
				LD_RUNPATH_SEARCH_PATHS = (
					"$(inherited)",
					"@executable_path/Frameworks",
				);
				PRODUCT_BUNDLE_IDENTIFIER = dev.tuongnt.Cover;
				PRODUCT_NAME = "$(TARGET_NAME)";
				SWIFT_VERSION = 4.2;
				TARGETED_DEVICE_FAMILY = 3;
			};
			name = Release;
		};
		E7B3B9B5223FE32B003D20ED /* Debug */ = {
			isa = XCBuildConfiguration;
			buildSettings = {
				ALWAYS_EMBED_SWIFT_STANDARD_LIBRARIES = YES;
				BUNDLE_LOADER = "$(TEST_HOST)";
				CODE_SIGN_STYLE = Automatic;
				DEVELOPMENT_TEAM = URYV7XT858;
				INFOPLIST_FILE = CoverTests/Info.plist;
				LD_RUNPATH_SEARCH_PATHS = (
					"$(inherited)",
					"@executable_path/Frameworks",
					"@loader_path/Frameworks",
				);
				PRODUCT_BUNDLE_IDENTIFIER = dev.tuongnt.CoverTests;
				PRODUCT_NAME = "$(TARGET_NAME)";
				SWIFT_VERSION = 4.2;
				TARGETED_DEVICE_FAMILY = 3;
				TEST_HOST = "$(BUILT_PRODUCTS_DIR)/Cover.app/Cover";
			};
			name = Debug;
		};
		E7B3B9B6223FE32B003D20ED /* Release */ = {
			isa = XCBuildConfiguration;
			buildSettings = {
				ALWAYS_EMBED_SWIFT_STANDARD_LIBRARIES = YES;
				BUNDLE_LOADER = "$(TEST_HOST)";
				CODE_SIGN_STYLE = Automatic;
				DEVELOPMENT_TEAM = URYV7XT858;
				INFOPLIST_FILE = CoverTests/Info.plist;
				LD_RUNPATH_SEARCH_PATHS = (
					"$(inherited)",
					"@executable_path/Frameworks",
					"@loader_path/Frameworks",
				);
				PRODUCT_BUNDLE_IDENTIFIER = dev.tuongnt.CoverTests;
				PRODUCT_NAME = "$(TARGET_NAME)";
				SWIFT_VERSION = 4.2;
				TARGETED_DEVICE_FAMILY = 3;
				TEST_HOST = "$(BUILT_PRODUCTS_DIR)/Cover.app/Cover";
			};
			name = Release;
		};
		E7B3B9B8223FE32B003D20ED /* Debug */ = {
			isa = XCBuildConfiguration;
			buildSettings = {
				ALWAYS_EMBED_SWIFT_STANDARD_LIBRARIES = YES;
				CODE_SIGN_STYLE = Automatic;
				DEVELOPMENT_TEAM = URYV7XT858;
				INFOPLIST_FILE = CoverUITests/Info.plist;
				LD_RUNPATH_SEARCH_PATHS = (
					"$(inherited)",
					"@executable_path/Frameworks",
					"@loader_path/Frameworks",
				);
				PRODUCT_BUNDLE_IDENTIFIER = dev.tuongnt.CoverUITests;
				PRODUCT_NAME = "$(TARGET_NAME)";
				SWIFT_VERSION = 4.2;
				TARGETED_DEVICE_FAMILY = 3;
				TEST_TARGET_NAME = Cover;
			};
			name = Debug;
		};
		E7B3B9B9223FE32B003D20ED /* Release */ = {
			isa = XCBuildConfiguration;
			buildSettings = {
				ALWAYS_EMBED_SWIFT_STANDARD_LIBRARIES = YES;
				CODE_SIGN_STYLE = Automatic;
				DEVELOPMENT_TEAM = URYV7XT858;
				INFOPLIST_FILE = CoverUITests/Info.plist;
				LD_RUNPATH_SEARCH_PATHS = (
					"$(inherited)",
					"@executable_path/Frameworks",
					"@loader_path/Frameworks",
				);
				PRODUCT_BUNDLE_IDENTIFIER = dev.tuongnt.CoverUITests;
				PRODUCT_NAME = "$(TARGET_NAME)";
				SWIFT_VERSION = 4.2;
				TARGETED_DEVICE_FAMILY = 3;
				TEST_TARGET_NAME = Cover;
			};
			name = Release;
		};
/* End XCBuildConfiguration section */

/* Begin XCConfigurationList section */
		E7B3B984223FE329003D20ED /* Build configuration list for PBXProject "Cover" */ = {
			isa = XCConfigurationList;
			buildConfigurations = (
				E7B3B9AF223FE32B003D20ED /* Debug */,
				E7B3B9B0223FE32B003D20ED /* Release */,
			);
			defaultConfigurationIsVisible = 0;
			defaultConfigurationName = Release;
		};
		E7B3B9B1223FE32B003D20ED /* Build configuration list for PBXNativeTarget "Cover" */ = {
			isa = XCConfigurationList;
			buildConfigurations = (
				E7B3B9B2223FE32B003D20ED /* Debug */,
				E7B3B9B3223FE32B003D20ED /* Release */,
			);
			defaultConfigurationIsVisible = 0;
			defaultConfigurationName = Release;
		};
		E7B3B9B4223FE32B003D20ED /* Build configuration list for PBXNativeTarget "CoverTests" */ = {
			isa = XCConfigurationList;
			buildConfigurations = (
				E7B3B9B5223FE32B003D20ED /* Debug */,
				E7B3B9B6223FE32B003D20ED /* Release */,
			);
			defaultConfigurationIsVisible = 0;
			defaultConfigurationName = Release;
		};
		E7B3B9B7223FE32B003D20ED /* Build configuration list for PBXNativeTarget "CoverUITests" */ = {
			isa = XCConfigurationList;
			buildConfigurations = (
				E7B3B9B8223FE32B003D20ED /* Debug */,
				E7B3B9B9223FE32B003D20ED /* Release */,
			);
			defaultConfigurationIsVisible = 0;
			defaultConfigurationName = Release;
		};
/* End XCConfigurationList section */
	};
	rootObject = E7B3B981223FE329003D20ED /* Project object */;
}
